
Microsoft Visual Studio Solution File, Format Version 12.00
# Visual Studio 14
VisualStudioVersion = 14.0.25420.1
MinimumVisualStudioVersion = 10.0.40219.1
Project("{FAE04EC0-301F-11D3-BF4B-00C04F79EFBC}") = "Logger", "Common\Logger\Logger\Logger.csproj", "{3F86125F-CA5B-4E3C-9F52-7679BEA8C9FE}"
EndProject
Project("{2150E333-8FDC-42A3-9474-1A3956D46DE8}") = "Common", "Common", "{6932B520-18E7-4504-85EE-36482637EE44}"
EndProject
Project("{2150E333-8FDC-42A3-9474-1A3956D46DE8}") = "Logger", "Logger", "{72F012C1-0264-48B1-80C1-89CA829743D9}"
EndProject
Project("{2150E333-8FDC-42A3-9474-1A3956D46DE8}") = "TestParts", "TestParts", "{4C18C897-191E-4206-97BB-75FC6179176D}"
EndProject
Project("{2150E333-8FDC-42A3-9474-1A3956D46DE8}") = "WebApi", "WebApi", "{70D68550-0D36-4475-8DAA-B27CF949F0D8}"
EndProject
Project("{FAE04EC0-301F-11D3-BF4B-00C04F79EFBC}") = "WebMvc", "TestParts\WebApi\WebMvc\WebMvc.csproj", "{89675805-B09A-47D4-8157-158D0E42AE0C}"
EndProject
Project("{FAE04EC0-301F-11D3-BF4B-00C04F79EFBC}") = "WebMvcApi", "TestParts\WebApi\WebMvcApi\WebMvcApi.csproj", "{CA74874A-9410-4FB5-BD5D-30819AB523DA}"
EndProject
Project("{2150E333-8FDC-42A3-9474-1A3956D46DE8}") = "WebApplication", "WebApplication", "{DDB4CC89-6C4D-4884-9C1C-B38C13243C79}"
EndProject
Project("{FAE04EC0-301F-11D3-BF4B-00C04F79EFBC}") = "Common", "WebApplication\1.WebApi\Common\Common.csproj", "{DE5959A1-F418-4E16-841D-882DAEACCF74}"
EndProject
Project("{FAE04EC0-301F-11D3-BF4B-00C04F79EFBC}") = "ConsoleApp", "WebApplication\1.WebApi\ConsoleApp\ConsoleApp.csproj", "{1079EDC8-6A6A-4B0D-9497-E8F0BCB63374}"
EndProject
Project("{FAE04EC0-301F-11D3-BF4B-00C04F79EFBC}") = "WebApi", "WebApplication\1.WebApi\WebApi\WebApi.csproj", "{968073DA-58C2-4212-8130-B6B0C8EDBB01}"
EndProject
Project("{FAE04EC0-301F-11D3-BF4B-00C04F79EFBC}") = "SelfHost", "WebApplication\1.WebApi\SelfHost\SelfHost.csproj", "{9D1982E0-280D-4670-9F99-5EA9193BCF62}"
EndProject
Project("{FAE04EC0-301F-11D3-BF4B-00C04F79EFBC}") = "WebHost", "WebApplication\1.WebApi\WebHost\WebHost.csproj", "{6F830A1F-8C76-4F75-ADCF-A62EBC5AB87E}"
EndProject
Project("{FAE04EC0-301F-11D3-BF4B-00C04F79EFBC}") = "WebApp", "WebApplication\1.WebApi\WebApp\WebApp.csproj", "{9B7EEADA-B9DD-4B86-BCBB-1F6D7C05E4C8}"
EndProject
Project("{2150E333-8FDC-42A3-9474-1A3956D46DE8}") = "1.WepApi", "1.WepApi", "{40DB4F40-2858-43B6-96C8-53C5081EB290}"
EndProject
Project("{2150E333-8FDC-42A3-9474-1A3956D46DE8}") = "2.Route", "2.Route", "{C09A54E6-AA1A-4094-AE81-78B50181E527}"
EndProject
Project("{FAE04EC0-301F-11D3-BF4B-00C04F79EFBC}") = "WebAppRoute", "WebApplication\2.Route\WebAppRoute\WebAppRoute.csproj", "{547CD249-FAAE-4FCC-B6C3-0940745C776A}"
EndProject
Project("{2150E333-8FDC-42A3-9474-1A3956D46DE8}") = "3.HttpMessageHandler", "3.HttpMessageHandler", "{09B6F78A-DB04-4C00-9D70-DDB9915FF8DA}"
EndProject
Project("{FAE04EC0-301F-11D3-BF4B-00C04F79EFBC}") = "WebAppHttpMessageHandler", "WebApplication\3.HttpMessageHandler\WebAppHttpMessageHandler\WebAppHttpMessageHandler.csproj", "{5631C09A-E9F5-4FB9-BA8C-AE661D1F5318}"
EndProject
Project("{FAE04EC0-301F-11D3-BF4B-00C04F79EFBC}") = "WebAppWebHost", "WebApplication\3.HttpMessageHandler\WebAppWebHost\WebAppWebHost.csproj", "{F029A98A-6212-4743-990D-0A7478AC779D}"
EndProject
Project("{FAE04EC0-301F-11D3-BF4B-00C04F79EFBC}") = "ConsoleApp", "WebApplication\3.HttpMessageHandler\ConsoleApp\ConsoleApp.csproj", "{8E7465A0-1E1F-4706-862C-BC7B90DCC002}"
EndProject
Global
	GlobalSection(SolutionConfigurationPlatforms) = preSolution
		Debug|Any CPU = Debug|Any CPU
		Release|Any CPU = Release|Any CPU
	EndGlobalSection
	GlobalSection(ProjectConfigurationPlatforms) = postSolution
		{3F86125F-CA5B-4E3C-9F52-7679BEA8C9FE}.Debug|Any CPU.ActiveCfg = Debug|Any CPU
		{3F86125F-CA5B-4E3C-9F52-7679BEA8C9FE}.Debug|Any CPU.Build.0 = Debug|Any CPU
		{3F86125F-CA5B-4E3C-9F52-7679BEA8C9FE}.Release|Any CPU.ActiveCfg = Release|Any CPU
		{3F86125F-CA5B-4E3C-9F52-7679BEA8C9FE}.Release|Any CPU.Build.0 = Release|Any CPU
		{89675805-B09A-47D4-8157-158D0E42AE0C}.Debug|Any CPU.ActiveCfg = Debug|Any CPU
		{89675805-B09A-47D4-8157-158D0E42AE0C}.Debug|Any CPU.Build.0 = Debug|Any CPU
		{89675805-B09A-47D4-8157-158D0E42AE0C}.Release|Any CPU.ActiveCfg = Release|Any CPU
		{89675805-B09A-47D4-8157-158D0E42AE0C}.Release|Any CPU.Build.0 = Release|Any CPU
		{CA74874A-9410-4FB5-BD5D-30819AB523DA}.Debug|Any CPU.ActiveCfg = Debug|Any CPU
		{CA74874A-9410-4FB5-BD5D-30819AB523DA}.Debug|Any CPU.Build.0 = Debug|Any CPU
		{CA74874A-9410-4FB5-BD5D-30819AB523DA}.Release|Any CPU.ActiveCfg = Release|Any CPU
		{CA74874A-9410-4FB5-BD5D-30819AB523DA}.Release|Any CPU.Build.0 = Release|Any CPU
		{DE5959A1-F418-4E16-841D-882DAEACCF74}.Debug|Any CPU.ActiveCfg = Debug|Any CPU
		{DE5959A1-F418-4E16-841D-882DAEACCF74}.Debug|Any CPU.Build.0 = Debug|Any CPU
		{DE5959A1-F418-4E16-841D-882DAEACCF74}.Release|Any CPU.ActiveCfg = Release|Any CPU
		{DE5959A1-F418-4E16-841D-882DAEACCF74}.Release|Any CPU.Build.0 = Release|Any CPU
		{1079EDC8-6A6A-4B0D-9497-E8F0BCB63374}.Debug|Any CPU.ActiveCfg = Debug|Any CPU
		{1079EDC8-6A6A-4B0D-9497-E8F0BCB63374}.Debug|Any CPU.Build.0 = Debug|Any CPU
		{1079EDC8-6A6A-4B0D-9497-E8F0BCB63374}.Release|Any CPU.ActiveCfg = Release|Any CPU
		{1079EDC8-6A6A-4B0D-9497-E8F0BCB63374}.Release|Any CPU.Build.0 = Release|Any CPU
		{968073DA-58C2-4212-8130-B6B0C8EDBB01}.Debug|Any CPU.ActiveCfg = Debug|Any CPU
		{968073DA-58C2-4212-8130-B6B0C8EDBB01}.Debug|Any CPU.Build.0 = Debug|Any CPU
		{968073DA-58C2-4212-8130-B6B0C8EDBB01}.Release|Any CPU.ActiveCfg = Release|Any CPU
		{968073DA-58C2-4212-8130-B6B0C8EDBB01}.Release|Any CPU.Build.0 = Release|Any CPU
		{9D1982E0-280D-4670-9F99-5EA9193BCF62}.Debug|Any CPU.ActiveCfg = Debug|Any CPU
		{9D1982E0-280D-4670-9F99-5EA9193BCF62}.Debug|Any CPU.Build.0 = Debug|Any CPU
		{9D1982E0-280D-4670-9F99-5EA9193BCF62}.Release|Any CPU.ActiveCfg = Release|Any CPU
		{9D1982E0-280D-4670-9F99-5EA9193BCF62}.Release|Any CPU.Build.0 = Release|Any CPU
		{6F830A1F-8C76-4F75-ADCF-A62EBC5AB87E}.Debug|Any CPU.ActiveCfg = Debug|Any CPU
		{6F830A1F-8C76-4F75-ADCF-A62EBC5AB87E}.Debug|Any CPU.Build.0 = Debug|Any CPU
		{6F830A1F-8C76-4F75-ADCF-A62EBC5AB87E}.Release|Any CPU.ActiveCfg = Release|Any CPU
		{6F830A1F-8C76-4F75-ADCF-A62EBC5AB87E}.Release|Any CPU.Build.0 = Release|Any CPU
		{9B7EEADA-B9DD-4B86-BCBB-1F6D7C05E4C8}.Debug|Any CPU.ActiveCfg = Debug|Any CPU
		{9B7EEADA-B9DD-4B86-BCBB-1F6D7C05E4C8}.Debug|Any CPU.Build.0 = Debug|Any CPU
		{9B7EEADA-B9DD-4B86-BCBB-1F6D7C05E4C8}.Release|Any CPU.ActiveCfg = Release|Any CPU
		{9B7EEADA-B9DD-4B86-BCBB-1F6D7C05E4C8}.Release|Any CPU.Build.0 = Release|Any CPU
		{547CD249-FAAE-4FCC-B6C3-0940745C776A}.Debug|Any CPU.ActiveCfg = Debug|Any CPU
		{547CD249-FAAE-4FCC-B6C3-0940745C776A}.Debug|Any CPU.Build.0 = Debug|Any CPU
		{547CD249-FAAE-4FCC-B6C3-0940745C776A}.Release|Any CPU.ActiveCfg = Release|Any CPU
		{547CD249-FAAE-4FCC-B6C3-0940745C776A}.Release|Any CPU.Build.0 = Release|Any CPU
		{5631C09A-E9F5-4FB9-BA8C-AE661D1F5318}.Debug|Any CPU.ActiveCfg = Debug|Any CPU
		{5631C09A-E9F5-4FB9-BA8C-AE661D1F5318}.Debug|Any CPU.Build.0 = Debug|Any CPU
		{5631C09A-E9F5-4FB9-BA8C-AE661D1F5318}.Release|Any CPU.ActiveCfg = Release|Any CPU
		{5631C09A-E9F5-4FB9-BA8C-AE661D1F5318}.Release|Any CPU.Build.0 = Release|Any CPU
		{F029A98A-6212-4743-990D-0A7478AC779D}.Debug|Any CPU.ActiveCfg = Debug|Any CPU
		{F029A98A-6212-4743-990D-0A7478AC779D}.Debug|Any CPU.Build.0 = Debug|Any CPU
		{F029A98A-6212-4743-990D-0A7478AC779D}.Release|Any CPU.ActiveCfg = Release|Any CPU
		{F029A98A-6212-4743-990D-0A7478AC779D}.Release|Any CPU.Build.0 = Release|Any CPU
		{8E7465A0-1E1F-4706-862C-BC7B90DCC002}.Debug|Any CPU.ActiveCfg = Debug|Any CPU
		{8E7465A0-1E1F-4706-862C-BC7B90DCC002}.Debug|Any CPU.Build.0 = Debug|Any CPU
		{8E7465A0-1E1F-4706-862C-BC7B90DCC002}.Release|Any CPU.ActiveCfg = Release|Any CPU
		{8E7465A0-1E1F-4706-862C-BC7B90DCC002}.Release|Any CPU.Build.0 = Release|Any CPU
	EndGlobalSection
	GlobalSection(SolutionProperties) = preSolution
		HideSolutionNode = FALSE
	EndGlobalSection
	GlobalSection(NestedProjects) = preSolution
		{3F86125F-CA5B-4E3C-9F52-7679BEA8C9FE} = {72F012C1-0264-48B1-80C1-89CA829743D9}
		{72F012C1-0264-48B1-80C1-89CA829743D9} = {6932B520-18E7-4504-85EE-36482637EE44}
		{70D68550-0D36-4475-8DAA-B27CF949F0D8} = {4C18C897-191E-4206-97BB-75FC6179176D}
		{89675805-B09A-47D4-8157-158D0E42AE0C} = {70D68550-0D36-4475-8DAA-B27CF949F0D8}
		{CA74874A-9410-4FB5-BD5D-30819AB523DA} = {70D68550-0D36-4475-8DAA-B27CF949F0D8}
		{DE5959A1-F418-4E16-841D-882DAEACCF74} = {40DB4F40-2858-43B6-96C8-53C5081EB290}
		{1079EDC8-6A6A-4B0D-9497-E8F0BCB63374} = {40DB4F40-2858-43B6-96C8-53C5081EB290}
		{968073DA-58C2-4212-8130-B6B0C8EDBB01} = {40DB4F40-2858-43B6-96C8-53C5081EB290}
		{9D1982E0-280D-4670-9F99-5EA9193BCF62} = {40DB4F40-2858-43B6-96C8-53C5081EB290}
		{6F830A1F-8C76-4F75-ADCF-A62EBC5AB87E} = {40DB4F40-2858-43B6-96C8-53C5081EB290}
		{9B7EEADA-B9DD-4B86-BCBB-1F6D7C05E4C8} = {40DB4F40-2858-43B6-96C8-53C5081EB290}
		{40DB4F40-2858-43B6-96C8-53C5081EB290} = {DDB4CC89-6C4D-4884-9C1C-B38C13243C79}
		{C09A54E6-AA1A-4094-AE81-78B50181E527} = {DDB4CC89-6C4D-4884-9C1C-B38C13243C79}
		{547CD249-FAAE-4FCC-B6C3-0940745C776A} = {C09A54E6-AA1A-4094-AE81-78B50181E527}
		{09B6F78A-DB04-4C00-9D70-DDB9915FF8DA} = {DDB4CC89-6C4D-4884-9C1C-B38C13243C79}
		{5631C09A-E9F5-4FB9-BA8C-AE661D1F5318} = {09B6F78A-DB04-4C00-9D70-DDB9915FF8DA}
		{F029A98A-6212-4743-990D-0A7478AC779D} = {09B6F78A-DB04-4C00-9D70-DDB9915FF8DA}
		{8E7465A0-1E1F-4706-862C-BC7B90DCC002} = {09B6F78A-DB04-4C00-9D70-DDB9915FF8DA}
	EndGlobalSection
EndGlobal
